{
  "name": "@straylightagency/animate",
  "version": "1.0.2",
  "lockfileVersion": 3,
  "requires": true,
  "packages": {
    "": {
      "name": "@straylightagency/animate",
      "version": "1.0.2",
      "license": "MIT",
      "dependencies": {
        "@straylightagency/cancelable-promise": "github:straylightagency/js-cancelable-promise"
      }
    },
    "node_modules/@straylightagency/cancelable-promise": {
      "version": "1.0.3",
      "resolved": "git+ssh://git@github.com/straylightagency/js-cancelable-promise.git#d6c8d928f197beaa964ca5471c3175d4431b9028",
      "license": "MIT"
    }
  }
}
