{
  "name": "@straylightagency/animate",
  "version": "1.0.2",
  "lockfileVersion": 3,
  "requires": true,
  "packages": {
    "": {
      "name": "@straylightagency/animate",
      "version": "1.0.2",
      "license": "MIT",
      "dependencies": {
        "@straylightagency/cancelable-promise": "^1.0.3"
      }
    },
    "node_modules/@straylightagency/cancelable-promise": {
      "version": "1.0.3",
      "resolved": "https://registry.npmjs.org/@straylightagency/cancelable-promise/-/cancelable-promise-1.0.3.tgz",
      "integrity": "sha512-FniymIW0DAba1qiz8c90SuqfPz6yMW/PugKktlaKlZX2nOhuUldyVvcaBIrbHu46d/BR2W1Q8maAM4BwXyvmJw==",
      "license": "MIT"
    }
  }
}
